
Microsoft Visual Studio Solution File, Format Version 12.00
# Visual Studio Version 17
VisualStudioVersion = 17.3.32825.248
MinimumVisualStudioVersion = 10.0.40219.1
Project("{9A19103F-16F7-4668-BE54-9A1E7A4F7556}") = "InjectedLocalizations", "InjectedLocalizations\InjectedLocalizations.csproj", "{A1AA3D42-C389-49D1-9194-50F99B8CE08C}"
EndProject
Project("{9A19103F-16F7-4668-BE54-9A1E7A4F7556}") = "InjectedLocalizations.Contracts", "InjectedLocalizations.Contracts\InjectedLocalizations.Contracts.csproj", "{E297E6EC-0ACA-4E8D-B298-A729F26D4E04}"
EndProject
Project("{9A19103F-16F7-4668-BE54-9A1E7A4F7556}") = "InjectedLocalizations.Abstractions", "InjectedLocalizations.Abstractions\InjectedLocalizations.Abstractions.csproj", "{5F3ECA27-349C-4727-93A2-869884D83697}"
EndProject
Project("{9A19103F-16F7-4668-BE54-9A1E7A4F7556}") = "InjectedLocalizations.Contracts.Building", "InjectedLocalizations.Contracts.Building\InjectedLocalizations.Contracts.Building.csproj", "{1EF7FE2A-6025-42F3-B83E-7ECA0622C2E6}"
EndProject
Project("{2150E333-8FDC-42A3-9474-1A3956D46DE8}") = "Solution Items", "Solution Items", "{992764C5-46FA-4170-AA26-5A6360BA9C95}"
	ProjectSection(SolutionItems) = preProject
		nuget.config = nuget.config
		README.md = README.md
	EndProjectSection
EndProject
Project("{9A19103F-16F7-4668-BE54-9A1E7A4F7556}") = "InjectedLocalizations.Tests.RightModels", "InjectedLocalizations.Tests.RightModels\InjectedLocalizations.Tests.RightModels.csproj", "{C179CEE2-968B-4FB6-A101-5A4704F3C3CC}"
EndProject
Project("{9A19103F-16F7-4668-BE54-9A1E7A4F7556}") = "InjectedLocalizations.CodeBuilding", "InjectedLocalizations.CodeBuilding\InjectedLocalizations.CodeBuilding.csproj", "{94101A5A-692C-4EC4-B276-5D1CD37B849F}"
EndProject
Project("{9A19103F-16F7-4668-BE54-9A1E7A4F7556}") = "InjectedLocalizations.Providers.AbstractLocalizationsProvider", "InjectedLocalizations.Providers.AbstractLocalizationsProvider\InjectedLocalizations.Providers.AbstractLocalizationsProvider.csproj", "{C0508133-C09B-45A2-9424-70961A1700A9}"
EndProject
Project("{9A19103F-16F7-4668-BE54-9A1E7A4F7556}") = "InjectedLocalizations.Providers.DefaultLocalizationsProvider", "InjectedLocalizations.Providers.DefaultLocalizationsProvider\InjectedLocalizations.Providers.DefaultLocalizationsProvider.csproj", "{2BF4F9CC-D7CD-4D13-9F76-9178EF9BADE0}"
EndProject
Project("{FAE04EC0-301F-11D3-BF4B-00C04F79EFBC}") = "InjectedLocalizations.Providers.ConcreteLocalizationsProvider", "InjectedLocalizations.Providers.ConcreteLocalizationsProvider\InjectedLocalizations.Providers.ConcreteLocalizationsProvider.csproj", "{A40CBD01-0804-4E0C-BB7C-A24506A06C47}"
EndProject
Global
	GlobalSection(SolutionConfigurationPlatforms) = preSolution
		Debug|Any CPU = Debug|Any CPU
		Release|Any CPU = Release|Any CPU
	EndGlobalSection
	GlobalSection(ProjectConfigurationPlatforms) = postSolution
		{A1AA3D42-C389-49D1-9194-50F99B8CE08C}.Debug|Any CPU.ActiveCfg = Debug|Any CPU
		{A1AA3D42-C389-49D1-9194-50F99B8CE08C}.Debug|Any CPU.Build.0 = Debug|Any CPU
		{A1AA3D42-C389-49D1-9194-50F99B8CE08C}.Release|Any CPU.ActiveCfg = Release|Any CPU
		{A1AA3D42-C389-49D1-9194-50F99B8CE08C}.Release|Any CPU.Build.0 = Release|Any CPU
		{E297E6EC-0ACA-4E8D-B298-A729F26D4E04}.Debug|Any CPU.ActiveCfg = Debug|Any CPU
		{E297E6EC-0ACA-4E8D-B298-A729F26D4E04}.Debug|Any CPU.Build.0 = Debug|Any CPU
		{E297E6EC-0ACA-4E8D-B298-A729F26D4E04}.Release|Any CPU.ActiveCfg = Release|Any CPU
		{E297E6EC-0ACA-4E8D-B298-A729F26D4E04}.Release|Any CPU.Build.0 = Release|Any CPU
		{5F3ECA27-349C-4727-93A2-869884D83697}.Debug|Any CPU.ActiveCfg = Debug|Any CPU
		{5F3ECA27-349C-4727-93A2-869884D83697}.Debug|Any CPU.Build.0 = Debug|Any CPU
		{5F3ECA27-349C-4727-93A2-869884D83697}.Release|Any CPU.ActiveCfg = Release|Any CPU
		{5F3ECA27-349C-4727-93A2-869884D83697}.Release|Any CPU.Build.0 = Release|Any CPU
		{1EF7FE2A-6025-42F3-B83E-7ECA0622C2E6}.Debug|Any CPU.ActiveCfg = Debug|Any CPU
		{1EF7FE2A-6025-42F3-B83E-7ECA0622C2E6}.Debug|Any CPU.Build.0 = Debug|Any CPU
		{1EF7FE2A-6025-42F3-B83E-7ECA0622C2E6}.Release|Any CPU.ActiveCfg = Release|Any CPU
		{1EF7FE2A-6025-42F3-B83E-7ECA0622C2E6}.Release|Any CPU.Build.0 = Release|Any CPU
		{C179CEE2-968B-4FB6-A101-5A4704F3C3CC}.Debug|Any CPU.ActiveCfg = Debug|Any CPU
		{C179CEE2-968B-4FB6-A101-5A4704F3C3CC}.Debug|Any CPU.Build.0 = Debug|Any CPU
		{C179CEE2-968B-4FB6-A101-5A4704F3C3CC}.Release|Any CPU.ActiveCfg = Release|Any CPU
		{C179CEE2-968B-4FB6-A101-5A4704F3C3CC}.Release|Any CPU.Build.0 = Release|Any CPU
		{94101A5A-692C-4EC4-B276-5D1CD37B849F}.Debug|Any CPU.ActiveCfg = Debug|Any CPU
		{94101A5A-692C-4EC4-B276-5D1CD37B849F}.Debug|Any CPU.Build.0 = Debug|Any CPU
		{94101A5A-692C-4EC4-B276-5D1CD37B849F}.Release|Any CPU.ActiveCfg = Release|Any CPU
		{94101A5A-692C-4EC4-B276-5D1CD37B849F}.Release|Any CPU.Build.0 = Release|Any CPU
		{C0508133-C09B-45A2-9424-70961A1700A9}.Debug|Any CPU.ActiveCfg = Debug|Any CPU
		{C0508133-C09B-45A2-9424-70961A1700A9}.Debug|Any CPU.Build.0 = Debug|Any CPU
		{C0508133-C09B-45A2-9424-70961A1700A9}.Release|Any CPU.ActiveCfg = Release|Any CPU
		{C0508133-C09B-45A2-9424-70961A1700A9}.Release|Any CPU.Build.0 = Release|Any CPU
		{2BF4F9CC-D7CD-4D13-9F76-9178EF9BADE0}.Debug|Any CPU.ActiveCfg = Debug|Any CPU
		{2BF4F9CC-D7CD-4D13-9F76-9178EF9BADE0}.Debug|Any CPU.Build.0 = Debug|Any CPU
		{2BF4F9CC-D7CD-4D13-9F76-9178EF9BADE0}.Release|Any CPU.ActiveCfg = Release|Any CPU
		{2BF4F9CC-D7CD-4D13-9F76-9178EF9BADE0}.Release|Any CPU.Build.0 = Release|Any CPU
		{A40CBD01-0804-4E0C-BB7C-A24506A06C47}.Debug|Any CPU.ActiveCfg = Debug|Any CPU
		{A40CBD01-0804-4E0C-BB7C-A24506A06C47}.Debug|Any CPU.Build.0 = Debug|Any CPU
		{A40CBD01-0804-4E0C-BB7C-A24506A06C47}.Release|Any CPU.ActiveCfg = Release|Any CPU
		{A40CBD01-0804-4E0C-BB7C-A24506A06C47}.Release|Any CPU.Build.0 = Release|Any CPU
	EndGlobalSection
	GlobalSection(SolutionProperties) = preSolution
		HideSolutionNode = FALSE
	EndGlobalSection
	GlobalSection(ExtensibilityGlobals) = postSolution
		SolutionGuid = {C9D2D5FA-3E46-4E08-BFFD-D17E81DC2138}
	EndGlobalSection
EndGlobal
